
Microsoft Visual Studio Solution File, Format Version 12.00
# Visual Studio Version 17
VisualStudioVersion = 17.11.35327.3
MinimumVisualStudioVersion = 10.0.40219.1
Project("{2150E333-8FDC-42A3-9474-1A3956D46DE8}") = "src", "src", "{59339809-F119-49B9-A2A5-D0B518222F0C}"
EndProject
Project("{2150E333-8FDC-42A3-9474-1A3956D46DE8}") = "tests", "tests", "{CF3F2BEC-000B-46FD-967B-7B0CD5E0B630}"
EndProject
Project("{9A19103F-16F7-4668-BE54-9A1E7A4F7556}") = "financesFlow.Comunicacao", "src\financesFlow.Comunicacao\financesFlow.Comunicacao.csproj", "{A2E9AC43-8D1E-4180-A32C-5205E2448DB1}"
EndProject
Project("{9A19103F-16F7-4668-BE54-9A1E7A4F7556}") = "financesFlow.API", "src\financesFlow.API\financesFlow.API.csproj", "{7CD8993F-D1C0-46C1-A90F-E9F6CFD07957}"
EndProject
Project("{9A19103F-16F7-4668-BE54-9A1E7A4F7556}") = "financesFlow.Dominio", "src\financesFlow.Dominio\financesFlow.Dominio.csproj", "{591ED19D-12E4-46A6-883D-1127176EE97F}"
EndProject
Project("{9A19103F-16F7-4668-BE54-9A1E7A4F7556}") = "financesFlow.Infra", "src\financesFlow.Infra\financesFlow.Infra.csproj", "{9461F2D8-2CBF-4F3A-B824-B7A7BC7CE8FA}"
EndProject
Project("{9A19103F-16F7-4668-BE54-9A1E7A4F7556}") = "financesFlow.Exception", "src\financesFlow.Exception\financesFlow.Exception.csproj", "{1B9F0464-7D6A-4441-AEDE-3BF7C7848721}"
EndProject
Project("{9A19103F-16F7-4668-BE54-9A1E7A4F7556}") = "financesFlow.Aplicacao", "src\financesFlow.Aplicacao\financesFlow.Aplicacao.csproj", "{9C8AFC7D-8ADC-47B8-91F6-E56F248A8C3D}"
EndProject
Project("{9A19103F-16F7-4668-BE54-9A1E7A4F7556}") = "ValidatorsTests", "tests\ValidatorsTests\ValidatorsTests.csproj", "{28517158-7176-43CF-812D-1E4C351A59F6}"
EndProject
Project("{9A19103F-16F7-4668-BE54-9A1E7A4F7556}") = "CommonTestsUtilitis", "tests\CommonTestsUtilitis\CommonTestsUtilitis.csproj", "{6A715EB3-E269-481C-8E7F-FEA42CA14E54}"
EndProject
Project("{FAE04EC0-301F-11D3-BF4B-00C04F79EFBC}") = "UseCases.Test", "tests\useCases.Test\UseCases.Test.csproj", "{717A1D75-0695-45B4-9CB5-D2A434EC4413}"
EndProject
Project("{FAE04EC0-301F-11D3-BF4B-00C04F79EFBC}") = "WebApi.Test", "tests\WebApi.Test\WebApi.Test.csproj", "{46CC1C0A-C2B3-43C5-BC3B-284ACF1ACEC4}"
EndProject
Global
	GlobalSection(SolutionConfigurationPlatforms) = preSolution
		Debug|Any CPU = Debug|Any CPU
		Release|Any CPU = Release|Any CPU
	EndGlobalSection
	GlobalSection(ProjectConfigurationPlatforms) = postSolution
		{A2E9AC43-8D1E-4180-A32C-5205E2448DB1}.Debug|Any CPU.ActiveCfg = Debug|Any CPU
		{A2E9AC43-8D1E-4180-A32C-5205E2448DB1}.Debug|Any CPU.Build.0 = Debug|Any CPU
		{A2E9AC43-8D1E-4180-A32C-5205E2448DB1}.Release|Any CPU.ActiveCfg = Release|Any CPU
		{A2E9AC43-8D1E-4180-A32C-5205E2448DB1}.Release|Any CPU.Build.0 = Release|Any CPU
		{7CD8993F-D1C0-46C1-A90F-E9F6CFD07957}.Debug|Any CPU.ActiveCfg = Debug|Any CPU
		{7CD8993F-D1C0-46C1-A90F-E9F6CFD07957}.Debug|Any CPU.Build.0 = Debug|Any CPU
		{7CD8993F-D1C0-46C1-A90F-E9F6CFD07957}.Release|Any CPU.ActiveCfg = Release|Any CPU
		{7CD8993F-D1C0-46C1-A90F-E9F6CFD07957}.Release|Any CPU.Build.0 = Release|Any CPU
		{591ED19D-12E4-46A6-883D-1127176EE97F}.Debug|Any CPU.ActiveCfg = Debug|Any CPU
		{591ED19D-12E4-46A6-883D-1127176EE97F}.Debug|Any CPU.Build.0 = Debug|Any CPU
		{591ED19D-12E4-46A6-883D-1127176EE97F}.Release|Any CPU.ActiveCfg = Release|Any CPU
		{591ED19D-12E4-46A6-883D-1127176EE97F}.Release|Any CPU.Build.0 = Release|Any CPU
		{9461F2D8-2CBF-4F3A-B824-B7A7BC7CE8FA}.Debug|Any CPU.ActiveCfg = Debug|Any CPU
		{9461F2D8-2CBF-4F3A-B824-B7A7BC7CE8FA}.Debug|Any CPU.Build.0 = Debug|Any CPU
		{9461F2D8-2CBF-4F3A-B824-B7A7BC7CE8FA}.Release|Any CPU.ActiveCfg = Release|Any CPU
		{9461F2D8-2CBF-4F3A-B824-B7A7BC7CE8FA}.Release|Any CPU.Build.0 = Release|Any CPU
		{1B9F0464-7D6A-4441-AEDE-3BF7C7848721}.Debug|Any CPU.ActiveCfg = Debug|Any CPU
		{1B9F0464-7D6A-4441-AEDE-3BF7C7848721}.Debug|Any CPU.Build.0 = Debug|Any CPU
		{1B9F0464-7D6A-4441-AEDE-3BF7C7848721}.Release|Any CPU.ActiveCfg = Release|Any CPU
		{1B9F0464-7D6A-4441-AEDE-3BF7C7848721}.Release|Any CPU.Build.0 = Release|Any CPU
		{9C8AFC7D-8ADC-47B8-91F6-E56F248A8C3D}.Debug|Any CPU.ActiveCfg = Debug|Any CPU
		{9C8AFC7D-8ADC-47B8-91F6-E56F248A8C3D}.Debug|Any CPU.Build.0 = Debug|Any CPU
		{9C8AFC7D-8ADC-47B8-91F6-E56F248A8C3D}.Release|Any CPU.ActiveCfg = Release|Any CPU
		{9C8AFC7D-8ADC-47B8-91F6-E56F248A8C3D}.Release|Any CPU.Build.0 = Release|Any CPU
		{28517158-7176-43CF-812D-1E4C351A59F6}.Debug|Any CPU.ActiveCfg = Debug|Any CPU
		{28517158-7176-43CF-812D-1E4C351A59F6}.Debug|Any CPU.Build.0 = Debug|Any CPU
		{28517158-7176-43CF-812D-1E4C351A59F6}.Release|Any CPU.ActiveCfg = Release|Any CPU
		{28517158-7176-43CF-812D-1E4C351A59F6}.Release|Any CPU.Build.0 = Release|Any CPU
		{6A715EB3-E269-481C-8E7F-FEA42CA14E54}.Debug|Any CPU.ActiveCfg = Debug|Any CPU
		{6A715EB3-E269-481C-8E7F-FEA42CA14E54}.Debug|Any CPU.Build.0 = Debug|Any CPU
		{6A715EB3-E269-481C-8E7F-FEA42CA14E54}.Release|Any CPU.ActiveCfg = Release|Any CPU
		{6A715EB3-E269-481C-8E7F-FEA42CA14E54}.Release|Any CPU.Build.0 = Release|Any CPU
		{717A1D75-0695-45B4-9CB5-D2A434EC4413}.Debug|Any CPU.ActiveCfg = Debug|Any CPU
		{717A1D75-0695-45B4-9CB5-D2A434EC4413}.Debug|Any CPU.Build.0 = Debug|Any CPU
		{717A1D75-0695-45B4-9CB5-D2A434EC4413}.Release|Any CPU.ActiveCfg = Release|Any CPU
		{717A1D75-0695-45B4-9CB5-D2A434EC4413}.Release|Any CPU.Build.0 = Release|Any CPU
		{46CC1C0A-C2B3-43C5-BC3B-284ACF1ACEC4}.Debug|Any CPU.ActiveCfg = Debug|Any CPU
		{46CC1C0A-C2B3-43C5-BC3B-284ACF1ACEC4}.Debug|Any CPU.Build.0 = Debug|Any CPU
		{46CC1C0A-C2B3-43C5-BC3B-284ACF1ACEC4}.Release|Any CPU.ActiveCfg = Release|Any CPU
		{46CC1C0A-C2B3-43C5-BC3B-284ACF1ACEC4}.Release|Any CPU.Build.0 = Release|Any CPU
	EndGlobalSection
	GlobalSection(SolutionProperties) = preSolution
		HideSolutionNode = FALSE
	EndGlobalSection
	GlobalSection(NestedProjects) = preSolution
		{A2E9AC43-8D1E-4180-A32C-5205E2448DB1} = {59339809-F119-49B9-A2A5-D0B518222F0C}
		{7CD8993F-D1C0-46C1-A90F-E9F6CFD07957} = {59339809-F119-49B9-A2A5-D0B518222F0C}
		{591ED19D-12E4-46A6-883D-1127176EE97F} = {59339809-F119-49B9-A2A5-D0B518222F0C}
		{9461F2D8-2CBF-4F3A-B824-B7A7BC7CE8FA} = {59339809-F119-49B9-A2A5-D0B518222F0C}
		{1B9F0464-7D6A-4441-AEDE-3BF7C7848721} = {59339809-F119-49B9-A2A5-D0B518222F0C}
		{9C8AFC7D-8ADC-47B8-91F6-E56F248A8C3D} = {59339809-F119-49B9-A2A5-D0B518222F0C}
		{28517158-7176-43CF-812D-1E4C351A59F6} = {CF3F2BEC-000B-46FD-967B-7B0CD5E0B630}
		{6A715EB3-E269-481C-8E7F-FEA42CA14E54} = {CF3F2BEC-000B-46FD-967B-7B0CD5E0B630}
		{717A1D75-0695-45B4-9CB5-D2A434EC4413} = {CF3F2BEC-000B-46FD-967B-7B0CD5E0B630}
		{46CC1C0A-C2B3-43C5-BC3B-284ACF1ACEC4} = {CF3F2BEC-000B-46FD-967B-7B0CD5E0B630}
	EndGlobalSection
	GlobalSection(ExtensibilityGlobals) = postSolution
		SolutionGuid = {FACB74A1-2148-46FD-9C38-71B1771E7022}
	EndGlobalSection
EndGlobal
